<Solution>
  <Configurations>
    <Platform Name="Any CPU" />
    <Platform Name="x64" />
  </Configurations>
  <Project Path="./NeewerLightPanelTool/NeewerLightPanelTool.csproj">
    <Platform Solution="*|x64" Project="x64" />
  </Project>
  <Project Path="./NeewerLightControlBT/NeewerLightControlBT.csproj">
    <Platform Solution="*|x64" Project="x64" />
  </Project>
</Solution>
